
Microsoft Visual Studio Solution File, Format Version 12.00
# Visual Studio 15
VisualStudioVersion = 15.0.27703.2047
MinimumVisualStudioVersion = 10.0.40219.1
Project("{2150E333-8FDC-42A3-9474-1A3956D46DE8}") = ".nuget", ".nuget", "{7F5566E2-27F4-4CB7-A0F2-2AFC602C4871}"
	ProjectSection(SolutionItems) = preProject
		.nuget\packages.config = .nuget\packages.config
	EndProjectSection
EndProject
Project("{9A19103F-16F7-4668-BE54-9A1E7A4F7556}") = "DapperExtensionsDNX", "DapperExtensionsDNX\DapperExtensionsDNX.csproj", "{CAA1A673-6521-4954-BF05-37FFE016E5C3}"
EndProject
Project("{9A19103F-16F7-4668-BE54-9A1E7A4F7556}") = "DapperExtensionsDNXCore.Test", "DapperExtensionsDNXCore.Test\DapperExtensionsDNXCore.Test.csproj", "{83575094-2C44-47AE-B3AB-FEEB9242E626}"
EndProject
Project("{9A19103F-16F7-4668-BE54-9A1E7A4F7556}") = "DapperExtensionsDNX.Test.Entities", "DapperExtensionsDNX.Test.Entities\DapperExtensionsDNX.Test.Entities.csproj", "{3E5EA0C5-1272-4E28-B784-E6EE95659071}"
EndProject
Global
	GlobalSection(SolutionConfigurationPlatforms) = preSolution
		Debug|Any CPU = Debug|Any CPU
		Debug|Mixed Platforms = Debug|Mixed Platforms
		Debug|x86 = Debug|x86
		Release|Any CPU = Release|Any CPU
		Release|Mixed Platforms = Release|Mixed Platforms
		Release|x86 = Release|x86
	EndGlobalSection
	GlobalSection(ProjectConfigurationPlatforms) = postSolution
		{CAA1A673-6521-4954-BF05-37FFE016E5C3}.Debug|Any CPU.ActiveCfg = Debug|Any CPU
		{CAA1A673-6521-4954-BF05-37FFE016E5C3}.Debug|Any CPU.Build.0 = Debug|Any CPU
		{CAA1A673-6521-4954-BF05-37FFE016E5C3}.Debug|Mixed Platforms.ActiveCfg = Debug|Any CPU
		{CAA1A673-6521-4954-BF05-37FFE016E5C3}.Debug|Mixed Platforms.Build.0 = Debug|Any CPU
		{CAA1A673-6521-4954-BF05-37FFE016E5C3}.Debug|x86.ActiveCfg = Debug|Any CPU
		{CAA1A673-6521-4954-BF05-37FFE016E5C3}.Debug|x86.Build.0 = Debug|Any CPU
		{CAA1A673-6521-4954-BF05-37FFE016E5C3}.Release|Any CPU.ActiveCfg = Release|Any CPU
		{CAA1A673-6521-4954-BF05-37FFE016E5C3}.Release|Any CPU.Build.0 = Release|Any CPU
		{CAA1A673-6521-4954-BF05-37FFE016E5C3}.Release|Mixed Platforms.ActiveCfg = Release|Any CPU
		{CAA1A673-6521-4954-BF05-37FFE016E5C3}.Release|Mixed Platforms.Build.0 = Release|Any CPU
		{CAA1A673-6521-4954-BF05-37FFE016E5C3}.Release|x86.ActiveCfg = Release|Any CPU
		{CAA1A673-6521-4954-BF05-37FFE016E5C3}.Release|x86.Build.0 = Release|Any CPU
		{83575094-2C44-47AE-B3AB-FEEB9242E626}.Debug|Any CPU.ActiveCfg = Debug|Any CPU
		{83575094-2C44-47AE-B3AB-FEEB9242E626}.Debug|Any CPU.Build.0 = Debug|Any CPU
		{83575094-2C44-47AE-B3AB-FEEB9242E626}.Debug|Mixed Platforms.ActiveCfg = Debug|Any CPU
		{83575094-2C44-47AE-B3AB-FEEB9242E626}.Debug|Mixed Platforms.Build.0 = Debug|Any CPU
		{83575094-2C44-47AE-B3AB-FEEB9242E626}.Debug|x86.ActiveCfg = Debug|Any CPU
		{83575094-2C44-47AE-B3AB-FEEB9242E626}.Debug|x86.Build.0 = Debug|Any CPU
		{83575094-2C44-47AE-B3AB-FEEB9242E626}.Release|Any CPU.ActiveCfg = Release|Any CPU
		{83575094-2C44-47AE-B3AB-FEEB9242E626}.Release|Any CPU.Build.0 = Release|Any CPU
		{83575094-2C44-47AE-B3AB-FEEB9242E626}.Release|Mixed Platforms.ActiveCfg = Release|Any CPU
		{83575094-2C44-47AE-B3AB-FEEB9242E626}.Release|Mixed Platforms.Build.0 = Release|Any CPU
		{83575094-2C44-47AE-B3AB-FEEB9242E626}.Release|x86.ActiveCfg = Release|Any CPU
		{83575094-2C44-47AE-B3AB-FEEB9242E626}.Release|x86.Build.0 = Release|Any CPU
		{3E5EA0C5-1272-4E28-B784-E6EE95659071}.Debug|Any CPU.ActiveCfg = Debug|Any CPU
		{3E5EA0C5-1272-4E28-B784-E6EE95659071}.Debug|Any CPU.Build.0 = Debug|Any CPU
		{3E5EA0C5-1272-4E28-B784-E6EE95659071}.Debug|Mixed Platforms.ActiveCfg = Debug|Any CPU
		{3E5EA0C5-1272-4E28-B784-E6EE95659071}.Debug|Mixed Platforms.Build.0 = Debug|Any CPU
		{3E5EA0C5-1272-4E28-B784-E6EE95659071}.Debug|x86.ActiveCfg = Debug|Any CPU
		{3E5EA0C5-1272-4E28-B784-E6EE95659071}.Debug|x86.Build.0 = Debug|Any CPU
		{3E5EA0C5-1272-4E28-B784-E6EE95659071}.Release|Any CPU.ActiveCfg = Release|Any CPU
		{3E5EA0C5-1272-4E28-B784-E6EE95659071}.Release|Any CPU.Build.0 = Release|Any CPU
		{3E5EA0C5-1272-4E28-B784-E6EE95659071}.Release|Mixed Platforms.ActiveCfg = Release|Any CPU
		{3E5EA0C5-1272-4E28-B784-E6EE95659071}.Release|Mixed Platforms.Build.0 = Release|Any CPU
		{3E5EA0C5-1272-4E28-B784-E6EE95659071}.Release|x86.ActiveCfg = Release|Any CPU
		{3E5EA0C5-1272-4E28-B784-E6EE95659071}.Release|x86.Build.0 = Release|Any CPU
	EndGlobalSection
	GlobalSection(SolutionProperties) = preSolution
		HideSolutionNode = FALSE
	EndGlobalSection
	GlobalSection(ExtensibilityGlobals) = postSolution
		SolutionGuid = {D8A31088-9F68-4EAF-BECB-2E3D33D3FECE}
	EndGlobalSection
EndGlobal
